
Microsoft Visual Studio Solution File, Format Version 12.00
# Visual Studio Version 17
VisualStudioVersion = 17.3.32901.215
MinimumVisualStudioVersion = 10.0.40219.1
Project("{FAE04EC0-301F-11D3-BF4B-00C04F79EFBC}") = "Bai2", "Bai2\Bai2.csproj", "{4700776F-36B9-4192-AEDD-3C72560430A1}"
EndProject
Global
	GlobalSection(SolutionConfigurationPlatforms) = preSolution
		Debug|Any CPU = Debug|Any CPU
		Release|Any CPU = Release|Any CPU
	EndGlobalSection
	GlobalSection(ProjectConfigurationPlatforms) = postSolution
		{4700776F-36B9-4192-AEDD-3C72560430A1}.Debug|Any CPU.ActiveCfg = Debug|Any CPU
		{4700776F-36B9-4192-AEDD-3C72560430A1}.Debug|Any CPU.Build.0 = Debug|Any CPU
		{4700776F-36B9-4192-AEDD-3C72560430A1}.Release|Any CPU.ActiveCfg = Release|Any CPU
		{4700776F-36B9-4192-AEDD-3C72560430A1}.Release|Any CPU.Build.0 = Release|Any CPU
	EndGlobalSection
	GlobalSection(SolutionProperties) = preSolution
		HideSolutionNode = FALSE
	EndGlobalSection
	GlobalSection(ExtensibilityGlobals) = postSolution
		SolutionGuid = {B7646F02-A5B9-4F3A-AF2E-2E1210487504}
	EndGlobalSection
EndGlobal
